
Microsoft Visual Studio Solution File, Format Version 12.00
# Visual Studio 14
VisualStudioVersion = 14.0.24720.0
MinimumVisualStudioVersion = 10.0.40219.1
Project("{8BC9CEB8-8B4A-11D0-8D11-00A0C91BC942}") = "leetcode-solutions", "leetcode-solutions\leetcode-solutions.vcxproj", "{0BCD39AA-5DDB-4EEB-AD60-C43DD7284981}"
EndProject
Project("{888888A0-9F3D-457C-B088-3A5042F75D52}") = "leetcode-python", "leetcode-python\leetcode-python.pyproj", "{7A130144-21ED-4674-AB24-F7099ADE0032}"
EndProject
Global
	GlobalSection(SolutionConfigurationPlatforms) = preSolution
		Debug|Any CPU = Debug|Any CPU
		Debug|x64 = Debug|x64
		Debug|x86 = Debug|x86
		Release|Any CPU = Release|Any CPU
		Release|x64 = Release|x64
		Release|x86 = Release|x86
	EndGlobalSection
	GlobalSection(ProjectConfigurationPlatforms) = postSolution
		{0BCD39AA-5DDB-4EEB-AD60-C43DD7284981}.Debug|Any CPU.ActiveCfg = Debug|Win32
		{0BCD39AA-5DDB-4EEB-AD60-C43DD7284981}.Debug|x64.ActiveCfg = Debug|x64
		{0BCD39AA-5DDB-4EEB-AD60-C43DD7284981}.Debug|x64.Build.0 = Debug|x64
		{0BCD39AA-5DDB-4EEB-AD60-C43DD7284981}.Debug|x86.ActiveCfg = Debug|Win32
		{0BCD39AA-5DDB-4EEB-AD60-C43DD7284981}.Debug|x86.Build.0 = Debug|Win32
		{0BCD39AA-5DDB-4EEB-AD60-C43DD7284981}.Release|Any CPU.ActiveCfg = Release|Win32
		{0BCD39AA-5DDB-4EEB-AD60-C43DD7284981}.Release|x64.ActiveCfg = Release|x64
		{0BCD39AA-5DDB-4EEB-AD60-C43DD7284981}.Release|x64.Build.0 = Release|x64
		{0BCD39AA-5DDB-4EEB-AD60-C43DD7284981}.Release|x86.ActiveCfg = Release|Win32
		{0BCD39AA-5DDB-4EEB-AD60-C43DD7284981}.Release|x86.Build.0 = Release|Win32
		{7A130144-21ED-4674-AB24-F7099ADE0032}.Debug|Any CPU.ActiveCfg = Debug|Any CPU
		{7A130144-21ED-4674-AB24-F7099ADE0032}.Debug|x64.ActiveCfg = Debug|Any CPU
		{7A130144-21ED-4674-AB24-F7099ADE0032}.Debug|x86.ActiveCfg = Debug|Any CPU
		{7A130144-21ED-4674-AB24-F7099ADE0032}.Release|Any CPU.ActiveCfg = Release|Any CPU
		{7A130144-21ED-4674-AB24-F7099ADE0032}.Release|x64.ActiveCfg = Release|Any CPU
		{7A130144-21ED-4674-AB24-F7099ADE0032}.Release|x86.ActiveCfg = Release|Any CPU
	EndGlobalSection
	GlobalSection(SolutionProperties) = preSolution
		HideSolutionNode = FALSE
	EndGlobalSection
EndGlobal
